
Microsoft Visual Studio Solution File, Format Version 12.00
# Visual Studio Version 16
VisualStudioVersion = 16.0.31025.194
MinimumVisualStudioVersion = 10.0.40219.1
Project("{FAE04EC0-301F-11D3-BF4B-00C04F79EFBC}") = "Common", "Common\Common.csproj", "{7A0BBDD6-7C52-4908-A550-951CD7898351}"
EndProject
Project("{FAE04EC0-301F-11D3-BF4B-00C04F79EFBC}") = "Server", "Server\Server.csproj", "{3145DBB8-4410-4B22-BF0E-6755C2840A58}"
EndProject
Project("{FAE04EC0-301F-11D3-BF4B-00C04F79EFBC}") = "WCFServerTester", "WCFServerTester\WCFServerTester.csproj", "{76630B6A-A47F-40D6-9DB7-33FA4E22BD78}"
EndProject
Global
	GlobalSection(SolutionConfigurationPlatforms) = preSolution
		Debug|Any CPU = Debug|Any CPU
		Release|Any CPU = Release|Any CPU
	EndGlobalSection
	GlobalSection(ProjectConfigurationPlatforms) = postSolution
		{7A0BBDD6-7C52-4908-A550-951CD7898351}.Debug|Any CPU.ActiveCfg = Debug|Any CPU
		{7A0BBDD6-7C52-4908-A550-951CD7898351}.Debug|Any CPU.Build.0 = Debug|Any CPU
		{7A0BBDD6-7C52-4908-A550-951CD7898351}.Release|Any CPU.ActiveCfg = Release|Any CPU
		{7A0BBDD6-7C52-4908-A550-951CD7898351}.Release|Any CPU.Build.0 = Release|Any CPU
		{3145DBB8-4410-4B22-BF0E-6755C2840A58}.Debug|Any CPU.ActiveCfg = Debug|Any CPU
		{3145DBB8-4410-4B22-BF0E-6755C2840A58}.Debug|Any CPU.Build.0 = Debug|Any CPU
		{3145DBB8-4410-4B22-BF0E-6755C2840A58}.Release|Any CPU.ActiveCfg = Release|Any CPU
		{3145DBB8-4410-4B22-BF0E-6755C2840A58}.Release|Any CPU.Build.0 = Release|Any CPU
		{76630B6A-A47F-40D6-9DB7-33FA4E22BD78}.Debug|Any CPU.ActiveCfg = Debug|Any CPU
		{76630B6A-A47F-40D6-9DB7-33FA4E22BD78}.Debug|Any CPU.Build.0 = Debug|Any CPU
		{76630B6A-A47F-40D6-9DB7-33FA4E22BD78}.Release|Any CPU.ActiveCfg = Release|Any CPU
		{76630B6A-A47F-40D6-9DB7-33FA4E22BD78}.Release|Any CPU.Build.0 = Release|Any CPU
	EndGlobalSection
	GlobalSection(SolutionProperties) = preSolution
		HideSolutionNode = FALSE
	EndGlobalSection
	GlobalSection(ExtensibilityGlobals) = postSolution
		SolutionGuid = {18045682-EFD8-42DB-A83C-AB94787085E7}
	EndGlobalSection
EndGlobal
